// !$*UTF8*$!
{
	archiveVersion = 1;
	classes = {
	};
	objectVersion = 46;
	objects = {

/* Begin PBXBuildFile section */
		201DB6531C8365A7002A8B9F /* ZendeskApiService.swift in Sources */ = {isa = PBXBuildFile; fileRef = 209D4B531C836361005095EC /* ZendeskApiService.swift */; };
		201DB6581C83682A002A8B9F /* Ticket.swift in Sources */ = {isa = PBXBuildFile; fileRef = 201DB6561C83682A002A8B9F /* Ticket.swift */; };
		201DB6591C83682A002A8B9F /* Ticket.swift in Sources */ = {isa = PBXBuildFile; fileRef = 201DB6561C83682A002A8B9F /* Ticket.swift */; };
		201DB65B1C836BC5002A8B9F /* TicketsListViewModel.swift in Sources */ = {isa = PBXBuildFile; fileRef = 201DB65A1C836BC5002A8B9F /* TicketsListViewModel.swift */; };
		201DB65C1C836BC5002A8B9F /* TicketsListViewModel.swift in Sources */ = {isa = PBXBuildFile; fileRef = 201DB65A1C836BC5002A8B9F /* TicketsListViewModel.swift */; };
		201DB6601C836C72002A8B9F /* TicketsListViewController.swift in Sources */ = {isa = PBXBuildFile; fileRef = 201DB65F1C836C72002A8B9F /* TicketsListViewController.swift */; };
		201DB6611C836C72002A8B9F /* TicketsListViewController.swift in Sources */ = {isa = PBXBuildFile; fileRef = 201DB65F1C836C72002A8B9F /* TicketsListViewController.swift */; };
		201DB6631C836C94002A8B9F /* TicketsListCollectionFlowLayout.swift in Sources */ = {isa = PBXBuildFile; fileRef = 201DB6621C836C94002A8B9F /* TicketsListCollectionFlowLayout.swift */; };
		201DB6641C836C94002A8B9F /* TicketsListCollectionFlowLayout.swift in Sources */ = {isa = PBXBuildFile; fileRef = 201DB6621C836C94002A8B9F /* TicketsListCollectionFlowLayout.swift */; };
		201DB6661C836CBB002A8B9F /* TicketsListCollectionViewCell.swift in Sources */ = {isa = PBXBuildFile; fileRef = 201DB6651C836CBB002A8B9F /* TicketsListCollectionViewCell.swift */; };
		201DB6671C836CBB002A8B9F /* TicketsListCollectionViewCell.swift in Sources */ = {isa = PBXBuildFile; fileRef = 201DB6651C836CBB002A8B9F /* TicketsListCollectionViewCell.swift */; };
		201DB6691C836EAB002A8B9F /* TicketsListCellViewModel.swift in Sources */ = {isa = PBXBuildFile; fileRef = 201DB6681C836EAB002A8B9F /* TicketsListCellViewModel.swift */; };
		201DB66A1C836EAB002A8B9F /* TicketsListCellViewModel.swift in Sources */ = {isa = PBXBuildFile; fileRef = 201DB6681C836EAB002A8B9F /* TicketsListCellViewModel.swift */; };
		201DB66C1C836FF3002A8B9F /* TicketModelTests.swift in Sources */ = {isa = PBXBuildFile; fileRef = 201DB66B1C836FF3002A8B9F /* TicketModelTests.swift */; };
		201DB66E1C83714A002A8B9F /* TicketsListViewModelTests.swift in Sources */ = {isa = PBXBuildFile; fileRef = 201DB66D1C83714A002A8B9F /* TicketsListViewModelTests.swift */; };
		201DB6701C83730B002A8B9F /* TicketListCellViewModelTests.swift in Sources */ = {isa = PBXBuildFile; fileRef = 201DB66F1C83730B002A8B9F /* TicketListCellViewModelTests.swift */; };
		209D4B401C836178005095EC /* Requirements in Resources */ = {isa = PBXBuildFile; fileRef = 209D4B3F1C836178005095EC /* Requirements */; };
		209D4B4C1C8361DE005095EC /* Assets.xcassets in Resources */ = {isa = PBXBuildFile; fileRef = 209D4B421C8361DE005095EC /* Assets.xcassets */; };
		209D4B4D1C8361DE005095EC /* AppDelegate.swift in Sources */ = {isa = PBXBuildFile; fileRef = 209D4B441C8361DE005095EC /* AppDelegate.swift */; };
		209D4B4F1C8361DE005095EC /* LaunchScreen.storyboard in Resources */ = {isa = PBXBuildFile; fileRef = 209D4B471C8361DE005095EC /* LaunchScreen.storyboard */; };
		209D4B541C836361005095EC /* ZendeskApiService.swift in Sources */ = {isa = PBXBuildFile; fileRef = 209D4B531C836361005095EC /* ZendeskApiService.swift */; };
		209D4B5F1C836454005095EC /* NetworkServiceTests.swift in Sources */ = {isa = PBXBuildFile; fileRef = 209D4B5E1C836454005095EC /* NetworkServiceTests.swift */; };
/* End PBXBuildFile section */

/* Begin PBXContainerItemProxy section */
		209D4B611C836454005095EC /* PBXContainerItemProxy */ = {
			isa = PBXContainerItemProxy;
			containerPortal = 209D4B221C8360C3005095EC /* Project object */;
			proxyType = 1;
			remoteGlobalIDString = 209D4B291C8360C3005095EC;
			remoteInfo = ZendeskTickets;
		};
/* End PBXContainerItemProxy section */

/* Begin PBXFileReference section */
		201DB6561C83682A002A8B9F /* Ticket.swift */ = {isa = PBXFileReference; fileEncoding = 4; lastKnownFileType = sourcecode.swift; path = Ticket.swift; sourceTree = "<group>"; };
		201DB65A1C836BC5002A8B9F /* TicketsListViewModel.swift */ = {isa = PBXFileReference; fileEncoding = 4; lastKnownFileType = sourcecode.swift; path = TicketsListViewModel.swift; sourceTree = "<group>"; };
		201DB65F1C836C72002A8B9F /* TicketsListViewController.swift */ = {isa = PBXFileReference; fileEncoding = 4; lastKnownFileType = sourcecode.swift; path = TicketsListViewController.swift; sourceTree = "<group>"; };
		201DB6621C836C94002A8B9F /* TicketsListCollectionFlowLayout.swift */ = {isa = PBXFileReference; fileEncoding = 4; lastKnownFileType = sourcecode.swift; path = TicketsListCollectionFlowLayout.swift; sourceTree = "<group>"; };
		201DB6651C836CBB002A8B9F /* TicketsListCollectionViewCell.swift */ = {isa = PBXFileReference; fileEncoding = 4; lastKnownFileType = sourcecode.swift; path = TicketsListCollectionViewCell.swift; sourceTree = "<group>"; };
		201DB6681C836EAB002A8B9F /* TicketsListCellViewModel.swift */ = {isa = PBXFileReference; fileEncoding = 4; lastKnownFileType = sourcecode.swift; path = TicketsListCellViewModel.swift; sourceTree = "<group>"; };
		201DB66B1C836FF3002A8B9F /* TicketModelTests.swift */ = {isa = PBXFileReference; fileEncoding = 4; lastKnownFileType = sourcecode.swift; path = TicketModelTests.swift; sourceTree = "<group>"; };
		201DB66D1C83714A002A8B9F /* TicketsListViewModelTests.swift */ = {isa = PBXFileReference; fileEncoding = 4; lastKnownFileType = sourcecode.swift; path = TicketsListViewModelTests.swift; sourceTree = "<group>"; };
		201DB66F1C83730B002A8B9F /* TicketListCellViewModelTests.swift */ = {isa = PBXFileReference; fileEncoding = 4; lastKnownFileType = sourcecode.swift; path = TicketListCellViewModelTests.swift; sourceTree = "<group>"; };
		209D4B2A1C8360C3005095EC /* ZendeskTickets.app */ = {isa = PBXFileReference; explicitFileType = wrapper.application; includeInIndex = 0; path = ZendeskTickets.app; sourceTree = BUILT_PRODUCTS_DIR; };
		209D4B3F1C836178005095EC /* Requirements */ = {isa = PBXFileReference; fileEncoding = 4; lastKnownFileType = text; path = Requirements; sourceTree = "<group>"; };
		209D4B421C8361DE005095EC /* Assets.xcassets */ = {isa = PBXFileReference; lastKnownFileType = folder.assetcatalog; path = Assets.xcassets; sourceTree = "<group>"; };
		209D4B441C8361DE005095EC /* AppDelegate.swift */ = {isa = PBXFileReference; fileEncoding = 4; lastKnownFileType = sourcecode.swift; path = AppDelegate.swift; sourceTree = "<group>"; };
		209D4B481C8361DE005095EC /* Base */ = {isa = PBXFileReference; lastKnownFileType = file.storyboard; name = Base; path = Base.lproj/LaunchScreen.storyboard; sourceTree = "<group>"; };
		209D4B4B1C8361DE005095EC /* Info.plist */ = {isa = PBXFileReference; fileEncoding = 4; lastKnownFileType = text.plist.xml; path = Info.plist; sourceTree = "<group>"; };
		209D4B531C836361005095EC /* ZendeskApiService.swift */ = {isa = PBXFileReference; fileEncoding = 4; lastKnownFileType = sourcecode.swift; path = ZendeskApiService.swift; sourceTree = "<group>"; };
		209D4B5C1C836454005095EC /* ZendeskTicketsTests.xctest */ = {isa = PBXFileReference; explicitFileType = wrapper.cfbundle; includeInIndex = 0; path = ZendeskTicketsTests.xctest; sourceTree = BUILT_PRODUCTS_DIR; };
		209D4B5E1C836454005095EC /* NetworkServiceTests.swift */ = {isa = PBXFileReference; lastKnownFileType = sourcecode.swift; path = NetworkServiceTests.swift; sourceTree = "<group>"; };
		209D4B601C836454005095EC /* Info.plist */ = {isa = PBXFileReference; lastKnownFileType = text.plist.xml; path = Info.plist; sourceTree = "<group>"; };
/* End PBXFileReference section */

/* Begin PBXFrameworksBuildPhase section */
		209D4B271C8360C3005095EC /* Frameworks */ = {
			isa = PBXFrameworksBuildPhase;
			buildActionMask = 2147483647;
			files = (
			);
			runOnlyForDeploymentPostprocessing = 0;
		};
		209D4B591C836454005095EC /* Frameworks */ = {
			isa = PBXFrameworksBuildPhase;
			buildActionMask = 2147483647;
			files = (
			);
			runOnlyForDeploymentPostprocessing = 0;
		};
/* End PBXFrameworksBuildPhase section */

/* Begin PBXGroup section */
		201DB6551C83682A002A8B9F /* Models */ = {
			isa = PBXGroup;
			children = (
				201DB6561C83682A002A8B9F /* Ticket.swift */,
			);
			path = Models;
			sourceTree = "<group>";
		};
		201DB6571C83682A002A8B9F /* ViewModels */ = {
			isa = PBXGroup;
			children = (
				201DB65A1C836BC5002A8B9F /* TicketsListViewModel.swift */,
				201DB6681C836EAB002A8B9F /* TicketsListCellViewModel.swift */,
			);
			path = ViewModels;
			sourceTree = "<group>";
		};
		201DB65D1C836C72002A8B9F /* TicketsList */ = {
			isa = PBXGroup;
			children = (
				201DB65E1C836C72002A8B9F /* CollectionView */,
				201DB65F1C836C72002A8B9F /* TicketsListViewController.swift */,
			);
			path = TicketsList;
			sourceTree = "<group>";
		};
		201DB65E1C836C72002A8B9F /* CollectionView */ = {
			isa = PBXGroup;
			children = (
				201DB6621C836C94002A8B9F /* TicketsListCollectionFlowLayout.swift */,
				201DB6651C836CBB002A8B9F /* TicketsListCollectionViewCell.swift */,
			);
			path = CollectionView;
			sourceTree = "<group>";
		};
		209D4B211C8360C3005095EC = {
			isa = PBXGroup;
			children = (
				209D4B2C1C8360C3005095EC /* ZendeskTickets */,
				209D4B5D1C836454005095EC /* ZendeskTicketsTests */,
				209D4B2B1C8360C3005095EC /* Products */,
			);
			sourceTree = "<group>";
		};
		209D4B2B1C8360C3005095EC /* Products */ = {
			isa = PBXGroup;
			children = (
				209D4B2A1C8360C3005095EC /* ZendeskTickets.app */,
				209D4B5C1C836454005095EC /* ZendeskTicketsTests.xctest */,
			);
			name = Products;
			sourceTree = "<group>";
		};
		209D4B2C1C8360C3005095EC /* ZendeskTickets */ = {
			isa = PBXGroup;
			children = (
				209D4B3F1C836178005095EC /* Requirements */,
				209D4B411C8361DE005095EC /* Assets */,
				209D4B431C8361DE005095EC /* Controllers */,
				201DB6551C83682A002A8B9F /* Models */,
				209D4B521C836355005095EC /* Services */,
				209D4B461C8361DE005095EC /* Support Files */,
				201DB6571C83682A002A8B9F /* ViewModels */,
			);
			path = ZendeskTickets;
			sourceTree = "<group>";
		};
		209D4B411C8361DE005095EC /* Assets */ = {
			isa = PBXGroup;
			children = (
				209D4B421C8361DE005095EC /* Assets.xcassets */,
			);
			path = Assets;
			sourceTree = "<group>";
		};
		209D4B431C8361DE005095EC /* Controllers */ = {
			isa = PBXGroup;
			children = (
				201DB65D1C836C72002A8B9F /* TicketsList */,
				209D4B441C8361DE005095EC /* AppDelegate.swift */,
			);
			path = Controllers;
			sourceTree = "<group>";
		};
		209D4B461C8361DE005095EC /* Support Files */ = {
			isa = PBXGroup;
			children = (
				209D4B471C8361DE005095EC /* LaunchScreen.storyboard */,
				209D4B4B1C8361DE005095EC /* Info.plist */,
			);
			path = "Support Files";
			sourceTree = "<group>";
		};
		209D4B521C836355005095EC /* Services */ = {
			isa = PBXGroup;
			children = (
				209D4B531C836361005095EC /* ZendeskApiService.swift */,
			);
			path = Services;
			sourceTree = "<group>";
		};
		209D4B5D1C836454005095EC /* ZendeskTicketsTests */ = {
			isa = PBXGroup;
			children = (
				209D4B601C836454005095EC /* Info.plist */,
				209D4B5E1C836454005095EC /* NetworkServiceTests.swift */,
				201DB66B1C836FF3002A8B9F /* TicketModelTests.swift */,
				201DB66D1C83714A002A8B9F /* TicketsListViewModelTests.swift */,
				201DB66F1C83730B002A8B9F /* TicketListCellViewModelTests.swift */,
			);
			path = ZendeskTicketsTests;
			sourceTree = "<group>";
		};
/* End PBXGroup section */

/* Begin PBXNativeTarget section */
		209D4B291C8360C3005095EC /* ZendeskTickets */ = {
			isa = PBXNativeTarget;
			buildConfigurationList = 209D4B3C1C8360C3005095EC /* Build configuration list for PBXNativeTarget "ZendeskTickets" */;
			buildPhases = (
				209D4B261C8360C3005095EC /* Sources */,
				209D4B271C8360C3005095EC /* Frameworks */,
				209D4B281C8360C3005095EC /* Resources */,
			);
			buildRules = (
			);
			dependencies = (
			);
			name = ZendeskTickets;
			productName = ZendeskTickets;
			productReference = 209D4B2A1C8360C3005095EC /* ZendeskTickets.app */;
			productType = "com.apple.product-type.application";
		};
		209D4B5B1C836454005095EC /* ZendeskTicketsTests */ = {
			isa = PBXNativeTarget;
			buildConfigurationList = 209D4B631C836454005095EC /* Build configuration list for PBXNativeTarget "ZendeskTicketsTests" */;
			buildPhases = (
				209D4B581C836454005095EC /* Sources */,
				209D4B591C836454005095EC /* Frameworks */,
				209D4B5A1C836454005095EC /* Resources */,
			);
			buildRules = (
			);
			dependencies = (
				209D4B621C836454005095EC /* PBXTargetDependency */,
			);
			name = ZendeskTicketsTests;
			productName = ZendeskTicketsTests;
			productReference = 209D4B5C1C836454005095EC /* ZendeskTicketsTests.xctest */;
			productType = "com.apple.product-type.bundle.unit-test";
		};
/* End PBXNativeTarget section */

/* Begin PBXProject section */
		209D4B221C8360C3005095EC /* Project object */ = {
			isa = PBXProject;
			attributes = {
				LastSwiftUpdateCheck = 0710;
				LastUpgradeCheck = 0900;
				ORGANIZATIONNAME = "Adriano Goncalves";
				TargetAttributes = {
					209D4B291C8360C3005095EC = {
						CreatedOnToolsVersion = 7.1;
						LastSwiftMigration = 0900;
					};
					209D4B5B1C836454005095EC = {
						CreatedOnToolsVersion = 7.1;
						LastSwiftMigration = 0900;
						TestTargetID = 209D4B291C8360C3005095EC;
					};
				};
			};
			buildConfigurationList = 209D4B251C8360C3005095EC /* Build configuration list for PBXProject "ZendeskTickets" */;
			compatibilityVersion = "Xcode 3.2";
			developmentRegion = English;
			hasScannedForEncodings = 0;
			knownRegions = (
				en,
				Base,
			);
			mainGroup = 209D4B211C8360C3005095EC;
			productRefGroup = 209D4B2B1C8360C3005095EC /* Products */;
			projectDirPath = "";
			projectRoot = "";
			targets = (
				209D4B291C8360C3005095EC /* ZendeskTickets */,
				209D4B5B1C836454005095EC /* ZendeskTicketsTests */,
			);
		};
/* End PBXProject section */

/* Begin PBXResourcesBuildPhase section */
		209D4B281C8360C3005095EC /* Resources */ = {
			isa = PBXResourcesBuildPhase;
			buildActionMask = 2147483647;
			files = (
				209D4B4F1C8361DE005095EC /* LaunchScreen.storyboard in Resources */,
				209D4B4C1C8361DE005095EC /* Assets.xcassets in Resources */,
				209D4B401C836178005095EC /* Requirements in Resources */,
			);
			runOnlyForDeploymentPostprocessing = 0;
		};
		209D4B5A1C836454005095EC /* Resources */ = {
			isa = PBXResourcesBuildPhase;
			buildActionMask = 2147483647;
			files = (
			);
			runOnlyForDeploymentPostprocessing = 0;
		};
/* End PBXResourcesBuildPhase section */

/* Begin PBXSourcesBuildPhase section */
		209D4B261C8360C3005095EC /* Sources */ = {
			isa = PBXSourcesBuildPhase;
			buildActionMask = 2147483647;
			files = (
				201DB6691C836EAB002A8B9F /* TicketsListCellViewModel.swift in Sources */,
				209D4B541C836361005095EC /* ZendeskApiService.swift in Sources */,
				201DB6631C836C94002A8B9F /* TicketsListCollectionFlowLayout.swift in Sources */,
				201DB6601C836C72002A8B9F /* TicketsListViewController.swift in Sources */,
				209D4B4D1C8361DE005095EC /* AppDelegate.swift in Sources */,
				201DB6661C836CBB002A8B9F /* TicketsListCollectionViewCell.swift in Sources */,
				201DB6581C83682A002A8B9F /* Ticket.swift in Sources */,
				201DB65B1C836BC5002A8B9F /* TicketsListViewModel.swift in Sources */,
			);
			runOnlyForDeploymentPostprocessing = 0;
		};
		209D4B581C836454005095EC /* Sources */ = {
			isa = PBXSourcesBuildPhase;
			buildActionMask = 2147483647;
			files = (
				201DB66E1C83714A002A8B9F /* TicketsListViewModelTests.swift in Sources */,
				201DB66C1C836FF3002A8B9F /* TicketModelTests.swift in Sources */,
				201DB66A1C836EAB002A8B9F /* TicketsListCellViewModel.swift in Sources */,
				201DB65C1C836BC5002A8B9F /* TicketsListViewModel.swift in Sources */,
				201DB6641C836C94002A8B9F /* TicketsListCollectionFlowLayout.swift in Sources */,
				201DB6531C8365A7002A8B9F /* ZendeskApiService.swift in Sources */,
				201DB6591C83682A002A8B9F /* Ticket.swift in Sources */,
				201DB6671C836CBB002A8B9F /* TicketsListCollectionViewCell.swift in Sources */,
				201DB6611C836C72002A8B9F /* TicketsListViewController.swift in Sources */,
				209D4B5F1C836454005095EC /* NetworkServiceTests.swift in Sources */,
				201DB6701C83730B002A8B9F /* TicketListCellViewModelTests.swift in Sources */,
			);
			runOnlyForDeploymentPostprocessing = 0;
		};
/* End PBXSourcesBuildPhase section */

/* Begin PBXTargetDependency section */
		209D4B621C836454005095EC /* PBXTargetDependency */ = {
			isa = PBXTargetDependency;
			target = 209D4B291C8360C3005095EC /* ZendeskTickets */;
			targetProxy = 209D4B611C836454005095EC /* PBXContainerItemProxy */;
		};
/* End PBXTargetDependency section */

/* Begin PBXVariantGroup section */
		209D4B471C8361DE005095EC /* LaunchScreen.storyboard */ = {
			isa = PBXVariantGroup;
			children = (
				209D4B481C8361DE005095EC /* Base */,
			);
			name = LaunchScreen.storyboard;
			sourceTree = "<group>";
		};
/* End PBXVariantGroup section */

/* Begin XCBuildConfiguration section */
		209D4B3A1C8360C3005095EC /* Debug */ = {
			isa = XCBuildConfiguration;
			buildSettings = {
				ALWAYS_SEARCH_USER_PATHS = NO;
				CLANG_CXX_LANGUAGE_STANDARD = "gnu++0x";
				CLANG_CXX_LIBRARY = "libc++";
				CLANG_ENABLE_MODULES = YES;
				CLANG_ENABLE_OBJC_ARC = YES;
				CLANG_WARN_BLOCK_CAPTURE_AUTORELEASING = YES;
				CLANG_WARN_BOOL_CONVERSION = YES;
				CLANG_WARN_COMMA = YES;
				CLANG_WARN_CONSTANT_CONVERSION = YES;
				CLANG_WARN_DIRECT_OBJC_ISA_USAGE = YES_ERROR;
				CLANG_WARN_EMPTY_BODY = YES;
				CLANG_WARN_ENUM_CONVERSION = YES;
				CLANG_WARN_INFINITE_RECURSION = YES;
				CLANG_WARN_INT_CONVERSION = YES;
				CLANG_WARN_NON_LITERAL_NULL_CONVERSION = YES;
				CLANG_WARN_OBJC_LITERAL_CONVERSION = YES;
				CLANG_WARN_OBJC_ROOT_CLASS = YES_ERROR;
				CLANG_WARN_RANGE_LOOP_ANALYSIS = YES;
				CLANG_WARN_STRICT_PROTOTYPES = YES;
				CLANG_WARN_SUSPICIOUS_MOVE = YES;
				CLANG_WARN_UNREACHABLE_CODE = YES;
				CLANG_WARN__DUPLICATE_METHOD_MATCH = YES;
				"CODE_SIGN_IDENTITY[sdk=iphoneos*]" = "iPhone Developer";
				COPY_PHASE_STRIP = NO;
				DEBUG_INFORMATION_FORMAT = dwarf;
				ENABLE_STRICT_OBJC_MSGSEND = YES;
				ENABLE_TESTABILITY = YES;
				GCC_C_LANGUAGE_STANDARD = gnu99;
				GCC_DYNAMIC_NO_PIC = NO;
				GCC_NO_COMMON_BLOCKS = YES;
				GCC_OPTIMIZATION_LEVEL = 0;
				GCC_PREPROCESSOR_DEFINITIONS = (
					"DEBUG=1",
					"$(inherited)",
				);
				GCC_WARN_64_TO_32_BIT_CONVERSION = YES;
				GCC_WARN_ABOUT_RETURN_TYPE = YES_ERROR;
				GCC_WARN_UNDECLARED_SELECTOR = YES;
				GCC_WARN_UNINITIALIZED_AUTOS = YES_AGGRESSIVE;
				GCC_WARN_UNUSED_FUNCTION = YES;
				GCC_WARN_UNUSED_VARIABLE = YES;
				IPHONEOS_DEPLOYMENT_TARGET = 9.1;
				MTL_ENABLE_DEBUG_INFO = YES;
				ONLY_ACTIVE_ARCH = YES;
				SDKROOT = iphoneos;
				SWIFT_OPTIMIZATION_LEVEL = "-Onone";
				TARGETED_DEVICE_FAMILY = "1,2";
			};
			name = Debug;
		};
		209D4B3B1C8360C3005095EC /* Release */ = {
			isa = XCBuildConfiguration;
			buildSettings = {
				ALWAYS_SEARCH_USER_PATHS = NO;
				CLANG_CXX_LANGUAGE_STANDARD = "gnu++0x";
				CLANG_CXX_LIBRARY = "libc++";
				CLANG_ENABLE_MODULES = YES;
				CLANG_ENABLE_OBJC_ARC = YES;
				CLANG_WARN_BLOCK_CAPTURE_AUTORELEASING = YES;
				CLANG_WARN_BOOL_CONVERSION = YES;
				CLANG_WARN_COMMA = YES;
				CLANG_WARN_CONSTANT_CONVERSION = YES;
				CLANG_WARN_DIRECT_OBJC_ISA_USAGE = YES_ERROR;
				CLANG_WARN_EMPTY_BODY = YES;
				CLANG_WARN_ENUM_CONVERSION = YES;
				CLANG_WARN_INFINITE_RECURSION = YES;
				CLANG_WARN_INT_CONVERSION = YES;
				CLANG_WARN_NON_LITERAL_NULL_CONVERSION = YES;
				CLANG_WARN_OBJC_LITERAL_CONVERSION = YES;
				CLANG_WARN_OBJC_ROOT_CLASS = YES_ERROR;
				CLANG_WARN_RANGE_LOOP_ANALYSIS = YES;
				CLANG_WARN_STRICT_PROTOTYPES = YES;
				CLANG_WARN_SUSPICIOUS_MOVE = YES;
				CLANG_WARN_UNREACHABLE_CODE = YES;
				CLANG_WARN__DUPLICATE_METHOD_MATCH = YES;
				"CODE_SIGN_IDENTITY[sdk=iphoneos*]" = "iPhone Developer";
				COPY_PHASE_STRIP = NO;
				DEBUG_INFORMATION_FORMAT = "dwarf-with-dsym";
				ENABLE_NS_ASSERTIONS = NO;
				ENABLE_STRICT_OBJC_MSGSEND = YES;
				GCC_C_LANGUAGE_STANDARD = gnu99;
				GCC_NO_COMMON_BLOCKS = YES;
				GCC_WARN_64_TO_32_BIT_CONVERSION = YES;
				GCC_WARN_ABOUT_RETURN_TYPE = YES_ERROR;
				GCC_WARN_UNDECLARED_SELECTOR = YES;
				GCC_WARN_UNINITIALIZED_AUTOS = YES_AGGRESSIVE;
				GCC_WARN_UNUSED_FUNCTION = YES;
				GCC_WARN_UNUSED_VARIABLE = YES;
				IPHONEOS_DEPLOYMENT_TARGET = 9.1;
				MTL_ENABLE_DEBUG_INFO = NO;
				SDKROOT = iphoneos;
				SWIFT_OPTIMIZATION_LEVEL = "-Owholemodule";
				TARGETED_DEVICE_FAMILY = "1,2";
				VALIDATE_PRODUCT = YES;
			};
			name = Release;
		};
		209D4B3D1C8360C3005095EC /* Debug */ = {
			isa = XCBuildConfiguration;
			buildSettings = {
				ASSETCATALOG_COMPILER_APPICON_NAME = AppIcon;
				INFOPLIST_FILE = "ZendeskTickets/Support Files/Info.plist";
				LD_RUNPATH_SEARCH_PATHS = "$(inherited) @executable_path/Frameworks";
				PRODUCT_BUNDLE_IDENTIFIER = com.amg.ZendeskTickets;
				PRODUCT_NAME = "$(TARGET_NAME)";
				SWIFT_VERSION = 4.0;
			};
			name = Debug;
		};
		209D4B3E1C8360C3005095EC /* Release */ = {
			isa = XCBuildConfiguration;
			buildSettings = {
				ASSETCATALOG_COMPILER_APPICON_NAME = AppIcon;
				INFOPLIST_FILE = "ZendeskTickets/Support Files/Info.plist";
				LD_RUNPATH_SEARCH_PATHS = "$(inherited) @executable_path/Frameworks";
				PRODUCT_BUNDLE_IDENTIFIER = com.amg.ZendeskTickets;
				PRODUCT_NAME = "$(TARGET_NAME)";
				SWIFT_VERSION = 4.0;
			};
			name = Release;
		};
		209D4B641C836454005095EC /* Debug */ = {
			isa = XCBuildConfiguration;
			buildSettings = {
				BUNDLE_LOADER = "$(TEST_HOST)";
				INFOPLIST_FILE = ZendeskTicketsTests/Info.plist;
				LD_RUNPATH_SEARCH_PATHS = "$(inherited) @executable_path/Frameworks @loader_path/Frameworks";
				PRODUCT_BUNDLE_IDENTIFIER = com.amg.ZendeskTicketsTests;
				PRODUCT_NAME = "$(TARGET_NAME)";
				SWIFT_VERSION = 4.0;
				TEST_HOST = "$(BUILT_PRODUCTS_DIR)/ZendeskTickets.app/ZendeskTickets";
			};
			name = Debug;
		};
		209D4B651C836454005095EC /* Release */ = {
			isa = XCBuildConfiguration;
			buildSettings = {
				BUNDLE_LOADER = "$(TEST_HOST)";
				INFOPLIST_FILE = ZendeskTicketsTests/Info.plist;
				LD_RUNPATH_SEARCH_PATHS = "$(inherited) @executable_path/Frameworks @loader_path/Frameworks";
				PRODUCT_BUNDLE_IDENTIFIER = com.amg.ZendeskTicketsTests;
				PRODUCT_NAME = "$(TARGET_NAME)";
				SWIFT_VERSION = 4.0;
				TEST_HOST = "$(BUILT_PRODUCTS_DIR)/ZendeskTickets.app/ZendeskTickets";
			};
			name = Release;
		};
/* End XCBuildConfiguration section */

/* Begin XCConfigurationList section */
		209D4B251C8360C3005095EC /* Build configuration list for PBXProject "ZendeskTickets" */ = {
			isa = XCConfigurationList;
			buildConfigurations = (
				209D4B3A1C8360C3005095EC /* Debug */,
				209D4B3B1C8360C3005095EC /* Release */,
			);
			defaultConfigurationIsVisible = 0;
			defaultConfigurationName = Release;
		};
		209D4B3C1C8360C3005095EC /* Build configuration list for PBXNativeTarget "ZendeskTickets" */ = {
			isa = XCConfigurationList;
			buildConfigurations = (
				209D4B3D1C8360C3005095EC /* Debug */,
				209D4B3E1C8360C3005095EC /* Release */,
			);
			defaultConfigurationIsVisible = 0;
			defaultConfigurationName = Release;
		};
		209D4B631C836454005095EC /* Build configuration list for PBXNativeTarget "ZendeskTicketsTests" */ = {
			isa = XCConfigurationList;
			buildConfigurations = (
				209D4B641C836454005095EC /* Debug */,
				209D4B651C836454005095EC /* Release */,
			);
			defaultConfigurationIsVisible = 0;
			defaultConfigurationName = Release;
		};
/* End XCConfigurationList section */
	};
	rootObject = 209D4B221C8360C3005095EC /* Project object */;
}
