// !$*UTF8*$!
{
	archiveVersion = 1;
	classes = {
	};
	objectVersion = 46;
	objects = {

/* Begin PBXBuildFile section */
		209D4B2E1C8360C3005095EC /* AppDelegate.swift in Sources */ = {isa = PBXBuildFile; fileRef = 209D4B2D1C8360C3005095EC /* AppDelegate.swift */; };
		209D4B301C8360C3005095EC /* ViewController.swift in Sources */ = {isa = PBXBuildFile; fileRef = 209D4B2F1C8360C3005095EC /* ViewController.swift */; };
		209D4B331C8360C3005095EC /* Main.storyboard in Resources */ = {isa = PBXBuildFile; fileRef = 209D4B311C8360C3005095EC /* Main.storyboard */; };
		209D4B351C8360C3005095EC /* Assets.xcassets in Resources */ = {isa = PBXBuildFile; fileRef = 209D4B341C8360C3005095EC /* Assets.xcassets */; };
		209D4B381C8360C3005095EC /* LaunchScreen.storyboard in Resources */ = {isa = PBXBuildFile; fileRef = 209D4B361C8360C3005095EC /* LaunchScreen.storyboard */; };
/* End PBXBuildFile section */

/* Begin PBXFileReference section */
		209D4B2A1C8360C3005095EC /* ZendeskTickets.app */ = {isa = PBXFileReference; explicitFileType = wrapper.application; includeInIndex = 0; path = ZendeskTickets.app; sourceTree = BUILT_PRODUCTS_DIR; };
		209D4B2D1C8360C3005095EC /* AppDelegate.swift */ = {isa = PBXFileReference; lastKnownFileType = sourcecode.swift; path = AppDelegate.swift; sourceTree = "<group>"; };
		209D4B2F1C8360C3005095EC /* ViewController.swift */ = {isa = PBXFileReference; lastKnownFileType = sourcecode.swift; path = ViewController.swift; sourceTree = "<group>"; };
		209D4B321C8360C3005095EC /* Base */ = {isa = PBXFileReference; lastKnownFileType = file.storyboard; name = Base; path = Base.lproj/Main.storyboard; sourceTree = "<group>"; };
		209D4B341C8360C3005095EC /* Assets.xcassets */ = {isa = PBXFileReference; lastKnownFileType = folder.assetcatalog; path = Assets.xcassets; sourceTree = "<group>"; };
		209D4B371C8360C3005095EC /* Base */ = {isa = PBXFileReference; lastKnownFileType = file.storyboard; name = Base; path = Base.lproj/LaunchScreen.storyboard; sourceTree = "<group>"; };
		209D4B391C8360C3005095EC /* Info.plist */ = {isa = PBXFileReference; lastKnownFileType = text.plist.xml; path = Info.plist; sourceTree = "<group>"; };
/* End PBXFileReference section */

/* Begin PBXFrameworksBuildPhase section */
		209D4B271C8360C3005095EC /* Frameworks */ = {
			isa = PBXFrameworksBuildPhase;
			buildActionMask = 2147483647;
			files = (
			);
			runOnlyForDeploymentPostprocessing = 0;
		};
/* End PBXFrameworksBuildPhase section */

/* Begin PBXGroup section */
		209D4B211C8360C3005095EC = {
			isa = PBXGroup;
			children = (
				209D4B2C1C8360C3005095EC /* ZendeskTickets */,
				209D4B2B1C8360C3005095EC /* Products */,
			);
			sourceTree = "<group>";
		};
		209D4B2B1C8360C3005095EC /* Products */ = {
			isa = PBXGroup;
			children = (
				209D4B2A1C8360C3005095EC /* ZendeskTickets.app */,
			);
			name = Products;
			sourceTree = "<group>";
		};
		209D4B2C1C8360C3005095EC /* ZendeskTickets */ = {
			isa = PBXGroup;
			children = (
				209D4B2D1C8360C3005095EC /* AppDelegate.swift */,
				209D4B2F1C8360C3005095EC /* ViewController.swift */,
				209D4B311C8360C3005095EC /* Main.storyboard */,
				209D4B341C8360C3005095EC /* Assets.xcassets */,
				209D4B361C8360C3005095EC /* LaunchScreen.storyboard */,
				209D4B391C8360C3005095EC /* Info.plist */,
			);
			path = ZendeskTickets;
			sourceTree = "<group>";
		};
/* End PBXGroup section */

/* Begin PBXNativeTarget section */
		209D4B291C8360C3005095EC /* ZendeskTickets */ = {
			isa = PBXNativeTarget;
			buildConfigurationList = 209D4B3C1C8360C3005095EC /* Build configuration list for PBXNativeTarget "ZendeskTickets" */;
			buildPhases = (
				209D4B261C8360C3005095EC /* Sources */,
				209D4B271C8360C3005095EC /* Frameworks */,
				209D4B281C8360C3005095EC /* Resources */,
			);
			buildRules = (
			);
			dependencies = (
			);
			name = ZendeskTickets;
			productName = ZendeskTickets;
			productReference = 209D4B2A1C8360C3005095EC /* ZendeskTickets.app */;
			productType = "com.apple.product-type.application";
		};
/* End PBXNativeTarget section */

/* Begin PBXProject section */
		209D4B221C8360C3005095EC /* Project object */ = {
			isa = PBXProject;
			attributes = {
				LastSwiftUpdateCheck = 0710;
				LastUpgradeCheck = 0710;
				ORGANIZATIONNAME = "Adriano Goncalves";
				TargetAttributes = {
					209D4B291C8360C3005095EC = {
						CreatedOnToolsVersion = 7.1;
					};
				};
			};
			buildConfigurationList = 209D4B251C8360C3005095EC /* Build configuration list for PBXProject "ZendeskTickets" */;
			compatibilityVersion = "Xcode 3.2";
			developmentRegion = English;
			hasScannedForEncodings = 0;
			knownRegions = (
				en,
				Base,
			);
			mainGroup = 209D4B211C8360C3005095EC;
			productRefGroup = 209D4B2B1C8360C3005095EC /* Products */;
			projectDirPath = "";
			projectRoot = "";
			targets = (
				209D4B291C8360C3005095EC /* ZendeskTickets */,
			);
		};
/* End PBXProject section */

/* Begin PBXResourcesBuildPhase section */
		209D4B281C8360C3005095EC /* Resources */ = {
			isa = PBXResourcesBuildPhase;
			buildActionMask = 2147483647;
			files = (
				209D4B381C8360C3005095EC /* LaunchScreen.storyboard in Resources */,
				209D4B351C8360C3005095EC /* Assets.xcassets in Resources */,
				209D4B331C8360C3005095EC /* Main.storyboard in Resources */,
			);
			runOnlyForDeploymentPostprocessing = 0;
		};
/* End PBXResourcesBuildPhase section */

/* Begin PBXSourcesBuildPhase section */
		209D4B261C8360C3005095EC /* Sources */ = {
			isa = PBXSourcesBuildPhase;
			buildActionMask = 2147483647;
			files = (
				209D4B301C8360C3005095EC /* ViewController.swift in Sources */,
				209D4B2E1C8360C3005095EC /* AppDelegate.swift in Sources */,
			);
			runOnlyForDeploymentPostprocessing = 0;
		};
/* End PBXSourcesBuildPhase section */

/* Begin PBXVariantGroup section */
		209D4B311C8360C3005095EC /* Main.storyboard */ = {
			isa = PBXVariantGroup;
			children = (
				209D4B321C8360C3005095EC /* Base */,
			);
			name = Main.storyboard;
			sourceTree = "<group>";
		};
		209D4B361C8360C3005095EC /* LaunchScreen.storyboard */ = {
			isa = PBXVariantGroup;
			children = (
				209D4B371C8360C3005095EC /* Base */,
			);
			name = LaunchScreen.storyboard;
			sourceTree = "<group>";
		};
/* End PBXVariantGroup section */

/* Begin XCBuildConfiguration section */
		209D4B3A1C8360C3005095EC /* Debug */ = {
			isa = XCBuildConfiguration;
			buildSettings = {
				ALWAYS_SEARCH_USER_PATHS = NO;
				CLANG_CXX_LANGUAGE_STANDARD = "gnu++0x";
				CLANG_CXX_LIBRARY = "libc++";
				CLANG_ENABLE_MODULES = YES;
				CLANG_ENABLE_OBJC_ARC = YES;
				CLANG_WARN_BOOL_CONVERSION = YES;
				CLANG_WARN_CONSTANT_CONVERSION = YES;
				CLANG_WARN_DIRECT_OBJC_ISA_USAGE = YES_ERROR;
				CLANG_WARN_EMPTY_BODY = YES;
				CLANG_WARN_ENUM_CONVERSION = YES;
				CLANG_WARN_INT_CONVERSION = YES;
				CLANG_WARN_OBJC_ROOT_CLASS = YES_ERROR;
				CLANG_WARN_UNREACHABLE_CODE = YES;
				CLANG_WARN__DUPLICATE_METHOD_MATCH = YES;
				"CODE_SIGN_IDENTITY[sdk=iphoneos*]" = "iPhone Developer";
				COPY_PHASE_STRIP = NO;
				DEBUG_INFORMATION_FORMAT = dwarf;
				ENABLE_STRICT_OBJC_MSGSEND = YES;
				ENABLE_TESTABILITY = YES;
				GCC_C_LANGUAGE_STANDARD = gnu99;
				GCC_DYNAMIC_NO_PIC = NO;
				GCC_NO_COMMON_BLOCKS = YES;
				GCC_OPTIMIZATION_LEVEL = 0;
				GCC_PREPROCESSOR_DEFINITIONS = (
					"DEBUG=1",
					"$(inherited)",
				);
				GCC_WARN_64_TO_32_BIT_CONVERSION = YES;
				GCC_WARN_ABOUT_RETURN_TYPE = YES_ERROR;
				GCC_WARN_UNDECLARED_SELECTOR = YES;
				GCC_WARN_UNINITIALIZED_AUTOS = YES_AGGRESSIVE;
				GCC_WARN_UNUSED_FUNCTION = YES;
				GCC_WARN_UNUSED_VARIABLE = YES;
				IPHONEOS_DEPLOYMENT_TARGET = 9.1;
				MTL_ENABLE_DEBUG_INFO = YES;
				ONLY_ACTIVE_ARCH = YES;
				SDKROOT = iphoneos;
				SWIFT_OPTIMIZATION_LEVEL = "-Onone";
				TARGETED_DEVICE_FAMILY = "1,2";
			};
			name = Debug;
		};
		209D4B3B1C8360C3005095EC /* Release */ = {
			isa = XCBuildConfiguration;
			buildSettings = {
				ALWAYS_SEARCH_USER_PATHS = NO;
				CLANG_CXX_LANGUAGE_STANDARD = "gnu++0x";
				CLANG_CXX_LIBRARY = "libc++";
				CLANG_ENABLE_MODULES = YES;
				CLANG_ENABLE_OBJC_ARC = YES;
				CLANG_WARN_BOOL_CONVERSION = YES;
				CLANG_WARN_CONSTANT_CONVERSION = YES;
				CLANG_WARN_DIRECT_OBJC_ISA_USAGE = YES_ERROR;
				CLANG_WARN_EMPTY_BODY = YES;
				CLANG_WARN_ENUM_CONVERSION = YES;
				CLANG_WARN_INT_CONVERSION = YES;
				CLANG_WARN_OBJC_ROOT_CLASS = YES_ERROR;
				CLANG_WARN_UNREACHABLE_CODE = YES;
				CLANG_WARN__DUPLICATE_METHOD_MATCH = YES;
				"CODE_SIGN_IDENTITY[sdk=iphoneos*]" = "iPhone Developer";
				COPY_PHASE_STRIP = NO;
				DEBUG_INFORMATION_FORMAT = "dwarf-with-dsym";
				ENABLE_NS_ASSERTIONS = NO;
				ENABLE_STRICT_OBJC_MSGSEND = YES;
				GCC_C_LANGUAGE_STANDARD = gnu99;
				GCC_NO_COMMON_BLOCKS = YES;
				GCC_WARN_64_TO_32_BIT_CONVERSION = YES;
				GCC_WARN_ABOUT_RETURN_TYPE = YES_ERROR;
				GCC_WARN_UNDECLARED_SELECTOR = YES;
				GCC_WARN_UNINITIALIZED_AUTOS = YES_AGGRESSIVE;
				GCC_WARN_UNUSED_FUNCTION = YES;
				GCC_WARN_UNUSED_VARIABLE = YES;
				IPHONEOS_DEPLOYMENT_TARGET = 9.1;
				MTL_ENABLE_DEBUG_INFO = NO;
				SDKROOT = iphoneos;
				TARGETED_DEVICE_FAMILY = "1,2";
				VALIDATE_PRODUCT = YES;
			};
			name = Release;
		};
		209D4B3D1C8360C3005095EC /* Debug */ = {
			isa = XCBuildConfiguration;
			buildSettings = {
				ASSETCATALOG_COMPILER_APPICON_NAME = AppIcon;
				INFOPLIST_FILE = ZendeskTickets/Info.plist;
				LD_RUNPATH_SEARCH_PATHS = "$(inherited) @executable_path/Frameworks";
				PRODUCT_BUNDLE_IDENTIFIER = com.amg.ZendeskTickets;
				PRODUCT_NAME = "$(TARGET_NAME)";
			};
			name = Debug;
		};
		209D4B3E1C8360C3005095EC /* Release */ = {
			isa = XCBuildConfiguration;
			buildSettings = {
				ASSETCATALOG_COMPILER_APPICON_NAME = AppIcon;
				INFOPLIST_FILE = ZendeskTickets/Info.plist;
				LD_RUNPATH_SEARCH_PATHS = "$(inherited) @executable_path/Frameworks";
				PRODUCT_BUNDLE_IDENTIFIER = com.amg.ZendeskTickets;
				PRODUCT_NAME = "$(TARGET_NAME)";
			};
			name = Release;
		};
/* End XCBuildConfiguration section */

/* Begin XCConfigurationList section */
		209D4B251C8360C3005095EC /* Build configuration list for PBXProject "ZendeskTickets" */ = {
			isa = XCConfigurationList;
			buildConfigurations = (
				209D4B3A1C8360C3005095EC /* Debug */,
				209D4B3B1C8360C3005095EC /* Release */,
			);
			defaultConfigurationIsVisible = 0;
			defaultConfigurationName = Release;
		};
		209D4B3C1C8360C3005095EC /* Build configuration list for PBXNativeTarget "ZendeskTickets" */ = {
			isa = XCConfigurationList;
			buildConfigurations = (
				209D4B3D1C8360C3005095EC /* Debug */,
				209D4B3E1C8360C3005095EC /* Release */,
			);
			defaultConfigurationIsVisible = 0;
		};
/* End XCConfigurationList section */
	};
	rootObject = 209D4B221C8360C3005095EC /* Project object */;
}
